
Microsoft Visual Studio Solution File, Format Version 12.00
# Visual Studio Version 17
VisualStudioVersion = 17.7.34009.444
MinimumVisualStudioVersion = 10.0.40219.1
Project("{2150E333-8FDC-42A3-9474-1A3956D46DE8}") = "BookingService", "BookingService", "{E4A1F0CA-F82F-4206-8E86-7F404704F988}"
EndProject
Project("{2150E333-8FDC-42A3-9474-1A3956D46DE8}") = "Adapters", "Adapters", "{3BFD6BAB-5675-467B-9FEE-945222471820}"
EndProject
Project("{2150E333-8FDC-42A3-9474-1A3956D46DE8}") = "PaymentService", "PaymentService", "{254F8272-4605-4E87-B618-0ACD5AF3169C}"
EndProject
Project("{2150E333-8FDC-42A3-9474-1A3956D46DE8}") = "Consumers", "Consumers", "{17DAF749-2BF1-44D6-B7F9-61E89C24254E}"
EndProject
Project("{2150E333-8FDC-42A3-9474-1A3956D46DE8}") = "Core", "Core", "{1FA493D0-B4DA-4248-9FB9-98FDBB56EFD8}"
EndProject
Project("{2150E333-8FDC-42A3-9474-1A3956D46DE8}") = "Application", "Application", "{193394F1-C870-467B-8F03-8A6958F2D787}"
EndProject
Project("{2150E333-8FDC-42A3-9474-1A3956D46DE8}") = "Domain", "Domain", "{79B7C254-3B41-4527-A568-582AB2D6513C}"
EndProject
Project("{2150E333-8FDC-42A3-9474-1A3956D46DE8}") = "Tests", "Tests", "{01A2AE2F-2943-42B4-898F-DD27806E1820}"
EndProject
Project("{2150E333-8FDC-42A3-9474-1A3956D46DE8}") = "Domain", "Domain", "{D6262C3D-A621-4EE6-B7E1-3F560E2C911E}"
EndProject
Project("{2150E333-8FDC-42A3-9474-1A3956D46DE8}") = "Application", "Application", "{F33697B7-001E-485C-8068-FB527DABC83D}"
EndProject
Project("{2150E333-8FDC-42A3-9474-1A3956D46DE8}") = "Adapters", "Adapters", "{6B8CBD13-472F-47BF-B8B1-19D284C4EF0F}"
EndProject
Project("{9A19103F-16F7-4668-BE54-9A1E7A4F7556}") = "Application", "BookingService\Core\Application\Application.csproj", "{DCFBA0EC-8526-45DF-A82B-027F7230C454}"
EndProject
Project("{9A19103F-16F7-4668-BE54-9A1E7A4F7556}") = "Domain", "BookingService\Core\Domain\Domain.csproj", "{D4D10276-415A-4010-BC22-0276D4B1A292}"
EndProject
Project("{9A19103F-16F7-4668-BE54-9A1E7A4F7556}") = "AdaptersTests", "BookingService\Tests\Adapters\AdaptersTests\AdaptersTests.csproj", "{2897E04C-1608-4BC5-AFB4-AC4D33D08B90}"
EndProject
Project("{9A19103F-16F7-4668-BE54-9A1E7A4F7556}") = "ApplicationTests", "BookingService\Tests\Application\ApplicationTests\ApplicationTests.csproj", "{0DA9598F-B8BA-4616-BE2F-A006331A53F2}"
EndProject
Project("{9A19103F-16F7-4668-BE54-9A1E7A4F7556}") = "DomainTests", "BookingService\Tests\Domain\DomainTests\DomainTests.csproj", "{22226836-63B7-4A4F-BC0C-87FD3B01BA20}"
EndProject
Project("{9A19103F-16F7-4668-BE54-9A1E7A4F7556}") = "API", "BookingService\Consumers\API\API.csproj", "{DC0F08D5-8FD8-4823-8B88-67279CA7D862}"
EndProject
Global
	GlobalSection(SolutionConfigurationPlatforms) = preSolution
		Debug|Any CPU = Debug|Any CPU
		Release|Any CPU = Release|Any CPU
	EndGlobalSection
	GlobalSection(ProjectConfigurationPlatforms) = postSolution
		{DCFBA0EC-8526-45DF-A82B-027F7230C454}.Debug|Any CPU.ActiveCfg = Debug|Any CPU
		{DCFBA0EC-8526-45DF-A82B-027F7230C454}.Debug|Any CPU.Build.0 = Debug|Any CPU
		{DCFBA0EC-8526-45DF-A82B-027F7230C454}.Release|Any CPU.ActiveCfg = Release|Any CPU
		{DCFBA0EC-8526-45DF-A82B-027F7230C454}.Release|Any CPU.Build.0 = Release|Any CPU
		{D4D10276-415A-4010-BC22-0276D4B1A292}.Debug|Any CPU.ActiveCfg = Debug|Any CPU
		{D4D10276-415A-4010-BC22-0276D4B1A292}.Debug|Any CPU.Build.0 = Debug|Any CPU
		{D4D10276-415A-4010-BC22-0276D4B1A292}.Release|Any CPU.ActiveCfg = Release|Any CPU
		{D4D10276-415A-4010-BC22-0276D4B1A292}.Release|Any CPU.Build.0 = Release|Any CPU
		{2897E04C-1608-4BC5-AFB4-AC4D33D08B90}.Debug|Any CPU.ActiveCfg = Debug|Any CPU
		{2897E04C-1608-4BC5-AFB4-AC4D33D08B90}.Debug|Any CPU.Build.0 = Debug|Any CPU
		{2897E04C-1608-4BC5-AFB4-AC4D33D08B90}.Release|Any CPU.ActiveCfg = Release|Any CPU
		{2897E04C-1608-4BC5-AFB4-AC4D33D08B90}.Release|Any CPU.Build.0 = Release|Any CPU
		{0DA9598F-B8BA-4616-BE2F-A006331A53F2}.Debug|Any CPU.ActiveCfg = Debug|Any CPU
		{0DA9598F-B8BA-4616-BE2F-A006331A53F2}.Debug|Any CPU.Build.0 = Debug|Any CPU
		{0DA9598F-B8BA-4616-BE2F-A006331A53F2}.Release|Any CPU.ActiveCfg = Release|Any CPU
		{0DA9598F-B8BA-4616-BE2F-A006331A53F2}.Release|Any CPU.Build.0 = Release|Any CPU
		{22226836-63B7-4A4F-BC0C-87FD3B01BA20}.Debug|Any CPU.ActiveCfg = Debug|Any CPU
		{22226836-63B7-4A4F-BC0C-87FD3B01BA20}.Debug|Any CPU.Build.0 = Debug|Any CPU
		{22226836-63B7-4A4F-BC0C-87FD3B01BA20}.Release|Any CPU.ActiveCfg = Release|Any CPU
		{22226836-63B7-4A4F-BC0C-87FD3B01BA20}.Release|Any CPU.Build.0 = Release|Any CPU
		{DC0F08D5-8FD8-4823-8B88-67279CA7D862}.Debug|Any CPU.ActiveCfg = Debug|Any CPU
		{DC0F08D5-8FD8-4823-8B88-67279CA7D862}.Debug|Any CPU.Build.0 = Debug|Any CPU
		{DC0F08D5-8FD8-4823-8B88-67279CA7D862}.Release|Any CPU.ActiveCfg = Release|Any CPU
		{DC0F08D5-8FD8-4823-8B88-67279CA7D862}.Release|Any CPU.Build.0 = Release|Any CPU
	EndGlobalSection
	GlobalSection(SolutionProperties) = preSolution
		HideSolutionNode = FALSE
	EndGlobalSection
	GlobalSection(NestedProjects) = preSolution
		{3BFD6BAB-5675-467B-9FEE-945222471820} = {E4A1F0CA-F82F-4206-8E86-7F404704F988}
		{17DAF749-2BF1-44D6-B7F9-61E89C24254E} = {E4A1F0CA-F82F-4206-8E86-7F404704F988}
		{1FA493D0-B4DA-4248-9FB9-98FDBB56EFD8} = {E4A1F0CA-F82F-4206-8E86-7F404704F988}
		{193394F1-C870-467B-8F03-8A6958F2D787} = {1FA493D0-B4DA-4248-9FB9-98FDBB56EFD8}
		{79B7C254-3B41-4527-A568-582AB2D6513C} = {1FA493D0-B4DA-4248-9FB9-98FDBB56EFD8}
		{01A2AE2F-2943-42B4-898F-DD27806E1820} = {E4A1F0CA-F82F-4206-8E86-7F404704F988}
		{D6262C3D-A621-4EE6-B7E1-3F560E2C911E} = {01A2AE2F-2943-42B4-898F-DD27806E1820}
		{F33697B7-001E-485C-8068-FB527DABC83D} = {01A2AE2F-2943-42B4-898F-DD27806E1820}
		{6B8CBD13-472F-47BF-B8B1-19D284C4EF0F} = {01A2AE2F-2943-42B4-898F-DD27806E1820}
		{DCFBA0EC-8526-45DF-A82B-027F7230C454} = {193394F1-C870-467B-8F03-8A6958F2D787}
		{D4D10276-415A-4010-BC22-0276D4B1A292} = {79B7C254-3B41-4527-A568-582AB2D6513C}
		{2897E04C-1608-4BC5-AFB4-AC4D33D08B90} = {6B8CBD13-472F-47BF-B8B1-19D284C4EF0F}
		{0DA9598F-B8BA-4616-BE2F-A006331A53F2} = {F33697B7-001E-485C-8068-FB527DABC83D}
		{22226836-63B7-4A4F-BC0C-87FD3B01BA20} = {D6262C3D-A621-4EE6-B7E1-3F560E2C911E}
		{DC0F08D5-8FD8-4823-8B88-67279CA7D862} = {17DAF749-2BF1-44D6-B7F9-61E89C24254E}
	EndGlobalSection
	GlobalSection(ExtensibilityGlobals) = postSolution
		SolutionGuid = {30FEDBCA-A2FE-4947-9303-C4A26E72C36E}
	EndGlobalSection
EndGlobal
